
Microsoft Visual Studio Solution File, Format Version 12.00
# Visual Studio Version 17
VisualStudioVersion = 17.1.32210.238
MinimumVisualStudioVersion = 10.0.40219.1
Project("{FAE04EC0-301F-11D3-BF4B-00C04F79EFBC}") = "Uppgift 2.13", "Uppgift 2.13.csproj", "{ED465443-B7F4-4C61-9D39-3D4DEA29AC20}"
EndProject
Global
	GlobalSection(SolutionConfigurationPlatforms) = preSolution
		Debug|Any CPU = Debug|Any CPU
		Release|Any CPU = Release|Any CPU
	EndGlobalSection
	GlobalSection(ProjectConfigurationPlatforms) = postSolution
		{ED465443-B7F4-4C61-9D39-3D4DEA29AC20}.Debug|Any CPU.ActiveCfg = Debug|Any CPU
		{ED465443-B7F4-4C61-9D39-3D4DEA29AC20}.Debug|Any CPU.Build.0 = Debug|Any CPU
		{ED465443-B7F4-4C61-9D39-3D4DEA29AC20}.Release|Any CPU.ActiveCfg = Release|Any CPU
		{ED465443-B7F4-4C61-9D39-3D4DEA29AC20}.Release|Any CPU.Build.0 = Release|Any CPU
	EndGlobalSection
	GlobalSection(SolutionProperties) = preSolution
		HideSolutionNode = FALSE
	EndGlobalSection
	GlobalSection(ExtensibilityGlobals) = postSolution
		SolutionGuid = {10AF85A2-1EBF-4876-BBB5-4AC959928A12}
	EndGlobalSection
EndGlobal
